
Microsoft Visual Studio Solution File, Format Version 12.00
# Visual Studio 2013
VisualStudioVersion = 12.0.31101.0
MinimumVisualStudioVersion = 10.0.40219.1
Project("{FAE04EC0-301F-11D3-BF4B-00C04F79EFBC}") = "Atomia.Store.WebApp", "WebApp\Atomia.Store.WebApp.csproj", "{B2B3D27C-77C2-490A-BFB2-4CD649EC5B04}"
EndProject
Project("{FAE04EC0-301F-11D3-BF4B-00C04F79EFBC}") = "Atomia.Store.Themes.Default", "Themes\Default\Atomia.Store.Themes.Default.csproj", "{93AF483F-5B99-4EE2-9A29-28B2B6AE0C63}"
EndProject
Project("{FAE04EC0-301F-11D3-BF4B-00C04F79EFBC}") = "Atomia.Store.Core", "Core\Atomia.Store.Core.csproj", "{3BA8FA31-210D-4DD6-841D-DBE457B96A8F}"
EndProject
Project("{FAE04EC0-301F-11D3-BF4B-00C04F79EFBC}") = "Atomia.Store.AspNetMvc", "UI\Atomia.Store.AspNetMvc.csproj", "{22E89989-1534-4B38-925D-03906D0284BF}"
EndProject
Project("{FAE04EC0-301F-11D3-BF4B-00C04F79EFBC}") = "Atomia.Store.Services.WebPluginDomainSearch", "Services\WebPluginDomainSearch\Atomia.Store.Services.WebPluginDomainSearch.csproj", "{899A798A-E1E5-4C85-B5E7-2C715866D807}"
EndProject
Project("{2150E333-8FDC-42A3-9474-1A3956D46DE8}") = "Solution Items", "Solution Items", "{96F5FCEF-73A7-4B7A-BD33-9C3BFCA36654}"
EndProject
Project("{FAE04EC0-301F-11D3-BF4B-00C04F79EFBC}") = "Atomia.Store.Services.ActionTrail", "Services\ActionTrail\Atomia.Store.Services.ActionTrail.csproj", "{6F81B202-21AF-49BB-8606-518149972EED}"
EndProject
Project("{FAE04EC0-301F-11D3-BF4B-00C04F79EFBC}") = "Atomia.Store.Services.PublicBillingApi", "Services\PublicBillingApi\Atomia.Store.Services.PublicBillingApi.csproj", "{5737FE58-757B-4F60-A480-5FD54EEED008}"
EndProject
Project("{2150E333-8FDC-42A3-9474-1A3956D46DE8}") = "Test", "Test", "{C87621C8-9CCB-443E-94C8-1ECAE4562B67}"
EndProject
Project("{FAE04EC0-301F-11D3-BF4B-00C04F79EFBC}") = "Atomia.Store.Core.Test", "Test\Atomia.Store.Core.Test\Atomia.Store.Core.Test.csproj", "{1B6F0098-F54D-4A1A-814D-03D5A440D67E}"
EndProject
Project("{FAE04EC0-301F-11D3-BF4B-00C04F79EFBC}") = "Atomia.Core.Services.PublicBillingApi.Test", "Test\Atomia.Core.Services.PublicBillingApi.Test\Atomia.Core.Services.PublicBillingApi.Test.csproj", "{A49C2F51-ACC6-46C9-974B-7BB69EB82DED}"
EndProject
Project("{FAE04EC0-301F-11D3-BF4B-00C04F79EFBC}") = "Atomia.Store.Themes.Default.Test", "Test\Atomia.Store.Themes.Default.Test\Atomia.Store.Themes.Default.Test.csproj", "{30224D9F-9022-405A-A4C1-5B1FB3966703}"
EndProject
Project("{FAE04EC0-301F-11D3-BF4B-00C04F79EFBC}") = "Atomia.Store.Services.Fakes", "Services\Fakes\Atomia.Store.Services.Fakes.csproj", "{1239517A-DC31-414C-8D3D-37DD34C2E143}"
EndProject
Global
	GlobalSection(SolutionConfigurationPlatforms) = preSolution
		Debug|Any CPU = Debug|Any CPU
		Release|Any CPU = Release|Any CPU
	EndGlobalSection
	GlobalSection(ProjectConfigurationPlatforms) = postSolution
		{B2B3D27C-77C2-490A-BFB2-4CD649EC5B04}.Debug|Any CPU.ActiveCfg = Debug|Any CPU
		{B2B3D27C-77C2-490A-BFB2-4CD649EC5B04}.Debug|Any CPU.Build.0 = Debug|Any CPU
		{B2B3D27C-77C2-490A-BFB2-4CD649EC5B04}.Release|Any CPU.ActiveCfg = Release|Any CPU
		{B2B3D27C-77C2-490A-BFB2-4CD649EC5B04}.Release|Any CPU.Build.0 = Release|Any CPU
		{93AF483F-5B99-4EE2-9A29-28B2B6AE0C63}.Debug|Any CPU.ActiveCfg = Debug|Any CPU
		{93AF483F-5B99-4EE2-9A29-28B2B6AE0C63}.Debug|Any CPU.Build.0 = Debug|Any CPU
		{93AF483F-5B99-4EE2-9A29-28B2B6AE0C63}.Release|Any CPU.ActiveCfg = Release|Any CPU
		{93AF483F-5B99-4EE2-9A29-28B2B6AE0C63}.Release|Any CPU.Build.0 = Release|Any CPU
		{3BA8FA31-210D-4DD6-841D-DBE457B96A8F}.Debug|Any CPU.ActiveCfg = Debug|Any CPU
		{3BA8FA31-210D-4DD6-841D-DBE457B96A8F}.Debug|Any CPU.Build.0 = Debug|Any CPU
		{3BA8FA31-210D-4DD6-841D-DBE457B96A8F}.Release|Any CPU.ActiveCfg = Release|Any CPU
		{3BA8FA31-210D-4DD6-841D-DBE457B96A8F}.Release|Any CPU.Build.0 = Release|Any CPU
		{22E89989-1534-4B38-925D-03906D0284BF}.Debug|Any CPU.ActiveCfg = Debug|Any CPU
		{22E89989-1534-4B38-925D-03906D0284BF}.Debug|Any CPU.Build.0 = Debug|Any CPU
		{22E89989-1534-4B38-925D-03906D0284BF}.Release|Any CPU.ActiveCfg = Release|Any CPU
		{22E89989-1534-4B38-925D-03906D0284BF}.Release|Any CPU.Build.0 = Release|Any CPU
		{899A798A-E1E5-4C85-B5E7-2C715866D807}.Debug|Any CPU.ActiveCfg = Debug|Any CPU
		{899A798A-E1E5-4C85-B5E7-2C715866D807}.Debug|Any CPU.Build.0 = Debug|Any CPU
		{899A798A-E1E5-4C85-B5E7-2C715866D807}.Release|Any CPU.ActiveCfg = Release|Any CPU
		{899A798A-E1E5-4C85-B5E7-2C715866D807}.Release|Any CPU.Build.0 = Release|Any CPU
		{6F81B202-21AF-49BB-8606-518149972EED}.Debug|Any CPU.ActiveCfg = Debug|Any CPU
		{6F81B202-21AF-49BB-8606-518149972EED}.Debug|Any CPU.Build.0 = Debug|Any CPU
		{6F81B202-21AF-49BB-8606-518149972EED}.Release|Any CPU.ActiveCfg = Release|Any CPU
		{6F81B202-21AF-49BB-8606-518149972EED}.Release|Any CPU.Build.0 = Release|Any CPU
		{5737FE58-757B-4F60-A480-5FD54EEED008}.Debug|Any CPU.ActiveCfg = Debug|Any CPU
		{5737FE58-757B-4F60-A480-5FD54EEED008}.Debug|Any CPU.Build.0 = Debug|Any CPU
		{5737FE58-757B-4F60-A480-5FD54EEED008}.Release|Any CPU.ActiveCfg = Release|Any CPU
		{5737FE58-757B-4F60-A480-5FD54EEED008}.Release|Any CPU.Build.0 = Release|Any CPU
		{1B6F0098-F54D-4A1A-814D-03D5A440D67E}.Debug|Any CPU.ActiveCfg = Debug|Any CPU
		{1B6F0098-F54D-4A1A-814D-03D5A440D67E}.Debug|Any CPU.Build.0 = Debug|Any CPU
		{1B6F0098-F54D-4A1A-814D-03D5A440D67E}.Release|Any CPU.ActiveCfg = Release|Any CPU
		{1B6F0098-F54D-4A1A-814D-03D5A440D67E}.Release|Any CPU.Build.0 = Release|Any CPU
		{A49C2F51-ACC6-46C9-974B-7BB69EB82DED}.Debug|Any CPU.ActiveCfg = Debug|Any CPU
		{A49C2F51-ACC6-46C9-974B-7BB69EB82DED}.Debug|Any CPU.Build.0 = Debug|Any CPU
		{A49C2F51-ACC6-46C9-974B-7BB69EB82DED}.Release|Any CPU.ActiveCfg = Release|Any CPU
		{A49C2F51-ACC6-46C9-974B-7BB69EB82DED}.Release|Any CPU.Build.0 = Release|Any CPU
		{30224D9F-9022-405A-A4C1-5B1FB3966703}.Debug|Any CPU.ActiveCfg = Debug|Any CPU
		{30224D9F-9022-405A-A4C1-5B1FB3966703}.Debug|Any CPU.Build.0 = Debug|Any CPU
		{30224D9F-9022-405A-A4C1-5B1FB3966703}.Release|Any CPU.ActiveCfg = Release|Any CPU
		{30224D9F-9022-405A-A4C1-5B1FB3966703}.Release|Any CPU.Build.0 = Release|Any CPU
		{1239517A-DC31-414C-8D3D-37DD34C2E143}.Debug|Any CPU.ActiveCfg = Debug|Any CPU
		{1239517A-DC31-414C-8D3D-37DD34C2E143}.Debug|Any CPU.Build.0 = Debug|Any CPU
		{1239517A-DC31-414C-8D3D-37DD34C2E143}.Release|Any CPU.ActiveCfg = Release|Any CPU
		{1239517A-DC31-414C-8D3D-37DD34C2E143}.Release|Any CPU.Build.0 = Release|Any CPU
	EndGlobalSection
	GlobalSection(SolutionProperties) = preSolution
		HideSolutionNode = FALSE
	EndGlobalSection
	GlobalSection(NestedProjects) = preSolution
		{1B6F0098-F54D-4A1A-814D-03D5A440D67E} = {C87621C8-9CCB-443E-94C8-1ECAE4562B67}
		{A49C2F51-ACC6-46C9-974B-7BB69EB82DED} = {C87621C8-9CCB-443E-94C8-1ECAE4562B67}
		{30224D9F-9022-405A-A4C1-5B1FB3966703} = {C87621C8-9CCB-443E-94C8-1ECAE4562B67}
	EndGlobalSection
	GlobalSection(ExtensibilityGlobals) = postSolution
		EnterpriseLibraryConfigurationToolBinariesPath = packages\Unity.2.1.505.0\lib\NET35;packages\Unity.2.1.505.2\lib\NET35
	EndGlobalSection
EndGlobal
